
Microsoft Visual Studio Solution File, Format Version 12.00
# Visual Studio Version 17
VisualStudioVersion = 17.11.35312.102
MinimumVisualStudioVersion = 10.0.40219.1
Project("{9A19103F-16F7-4668-BE54-9A1E7A4F7556}") = "Web Learning", "Web Learning.csproj", "{A56B5023-7037-48DC-8284-7CA60572E7EA}"
EndProject
Global
	GlobalSection(SolutionConfigurationPlatforms) = preSolution
		Debug|Any CPU = Debug|Any CPU
		Release|Any CPU = Release|Any CPU
	EndGlobalSection
	GlobalSection(ProjectConfigurationPlatforms) = postSolution
		{A56B5023-7037-48DC-8284-7CA60572E7EA}.Debug|Any CPU.ActiveCfg = Debug|Any CPU
		{A56B5023-7037-48DC-8284-7CA60572E7EA}.Debug|Any CPU.Build.0 = Debug|Any CPU
		{A56B5023-7037-48DC-8284-7CA60572E7EA}.Release|Any CPU.ActiveCfg = Release|Any CPU
		{A56B5023-7037-48DC-8284-7CA60572E7EA}.Release|Any CPU.Build.0 = Release|Any CPU
	EndGlobalSection
	GlobalSection(SolutionProperties) = preSolution
		HideSolutionNode = FALSE
	EndGlobalSection
	GlobalSection(ExtensibilityGlobals) = postSolution
		SolutionGuid = {E609FA18-8DC1-49C6-B6C5-7184383F579E}
	EndGlobalSection
EndGlobal
